
Microsoft Visual Studio Solution File, Format Version 12.00
# Visual Studio Version 17
VisualStudioVersion = 17.1.32414.318
MinimumVisualStudioVersion = 10.0.40219.1
Project("{FAE04EC0-301F-11D3-BF4B-00C04F79EFBC}") = "consolebeep", "consolebeep.csproj", "{AA7E0B71-89C1-42BC-B8B6-A730E24BE07B}"
EndProject
Global
	GlobalSection(SolutionConfigurationPlatforms) = preSolution
		Debug|Any CPU = Debug|Any CPU
		Release|Any CPU = Release|Any CPU
	EndGlobalSection
	GlobalSection(ProjectConfigurationPlatforms) = postSolution
		{AA7E0B71-89C1-42BC-B8B6-A730E24BE07B}.Debug|Any CPU.ActiveCfg = Debug|Any CPU
		{AA7E0B71-89C1-42BC-B8B6-A730E24BE07B}.Debug|Any CPU.Build.0 = Debug|Any CPU
		{AA7E0B71-89C1-42BC-B8B6-A730E24BE07B}.Release|Any CPU.ActiveCfg = Release|Any CPU
		{AA7E0B71-89C1-42BC-B8B6-A730E24BE07B}.Release|Any CPU.Build.0 = Release|Any CPU
	EndGlobalSection
	GlobalSection(SolutionProperties) = preSolution
		HideSolutionNode = FALSE
	EndGlobalSection
	GlobalSection(ExtensibilityGlobals) = postSolution
		SolutionGuid = {3F75BA2D-4E4B-4F86-95FF-B4A98C1A6FC6}
	EndGlobalSection
EndGlobal
